
Microsoft Visual Studio Solution File, Format Version 12.00
# Visual Studio Version 17
VisualStudioVersion = 17.1.32421.90
MinimumVisualStudioVersion = 10.0.40219.1
Project("{FAE04EC0-301F-11D3-BF4B-00C04F79EFBC}") = "AnhTesterHRM-xUnit", "AnhTesterHRM-xUnit\AnhTesterHRM-xUnit.csproj", "{B93125BF-1CCF-4B36-9EA0-AE90E2E15A30}"
EndProject
Global
	GlobalSection(SolutionConfigurationPlatforms) = preSolution
		Debug|Any CPU = Debug|Any CPU
		Release|Any CPU = Release|Any CPU
	EndGlobalSection
	GlobalSection(ProjectConfigurationPlatforms) = postSolution
		{B93125BF-1CCF-4B36-9EA0-AE90E2E15A30}.Debug|Any CPU.ActiveCfg = Debug|Any CPU
		{B93125BF-1CCF-4B36-9EA0-AE90E2E15A30}.Debug|Any CPU.Build.0 = Debug|Any CPU
		{B93125BF-1CCF-4B36-9EA0-AE90E2E15A30}.Release|Any CPU.ActiveCfg = Release|Any CPU
		{B93125BF-1CCF-4B36-9EA0-AE90E2E15A30}.Release|Any CPU.Build.0 = Release|Any CPU
	EndGlobalSection
	GlobalSection(SolutionProperties) = preSolution
		HideSolutionNode = FALSE
	EndGlobalSection
	GlobalSection(ExtensibilityGlobals) = postSolution
		SolutionGuid = {7E08BB88-FBD6-47F4-8189-E0701720B319}
	EndGlobalSection
EndGlobal
